
Microsoft Visual Studio Solution File, Format Version 12.00
# Visual Studio Version 16
VisualStudioVersion = 16.0.29001.49
MinimumVisualStudioVersion = 10.0.40219.1
Project("{FAE04EC0-301F-11D3-BF4B-00C04F79EFBC}") = "DiaryApp", "DiaryApp\DiaryApp.csproj", "{1971C857-D1B0-4819-AD51-2851DFB5677D}"
EndProject
Global
	GlobalSection(SolutionConfigurationPlatforms) = preSolution
		Debug|Any CPU = Debug|Any CPU
		Release|Any CPU = Release|Any CPU
	EndGlobalSection
	GlobalSection(ProjectConfigurationPlatforms) = postSolution
		{1971C857-D1B0-4819-AD51-2851DFB5677D}.Debug|Any CPU.ActiveCfg = Debug|Any CPU
		{1971C857-D1B0-4819-AD51-2851DFB5677D}.Debug|Any CPU.Build.0 = Debug|Any CPU
		{1971C857-D1B0-4819-AD51-2851DFB5677D}.Release|Any CPU.ActiveCfg = Release|Any CPU
		{1971C857-D1B0-4819-AD51-2851DFB5677D}.Release|Any CPU.Build.0 = Release|Any CPU
	EndGlobalSection
	GlobalSection(SolutionProperties) = preSolution
		HideSolutionNode = FALSE
	EndGlobalSection
	GlobalSection(ExtensibilityGlobals) = postSolution
		SolutionGuid = {9A20EB58-B7D4-4AD3-8AE8-9B305CDD28B5}
	EndGlobalSection
EndGlobal
